
Microsoft Visual Studio Solution File, Format Version 12.00
# Visual Studio Version 17
VisualStudioVersion = 17.5.33516.290
MinimumVisualStudioVersion = 10.0.40219.1
Project("{9A19103F-16F7-4668-BE54-9A1E7A4F7556}") = "FlowerDelivery", "FlowerDelivery\FlowerDelivery.csproj", "{5621E424-64D4-4ECD-A9A0-9D4CB9CCAE97}"
EndProject
Project("{9A19103F-16F7-4668-BE54-9A1E7A4F7556}") = "MigrationDataBase", "MigrationDataBase\MigrationDataBase.csproj", "{D3860838-0119-4D38-9DBB-1DF17DB39A00}"
EndProject
Project("{9A19103F-16F7-4668-BE54-9A1E7A4F7556}") = "TestsFlow", "TestsFlow\TestsFlow.csproj", "{93A800D9-3782-48EB-87DB-B193688873E0}"
EndProject
Project("{FAE04EC0-301F-11D3-BF4B-00C04F79EFBC}") = "Logic", "Logic\Logic.csproj", "{9B44BFEA-E782-4AFE-B8AF-31CC46FAC01F}"
EndProject
Global
	GlobalSection(SolutionConfigurationPlatforms) = preSolution
		Debug|Any CPU = Debug|Any CPU
		Release|Any CPU = Release|Any CPU
	EndGlobalSection
	GlobalSection(ProjectConfigurationPlatforms) = postSolution
		{5621E424-64D4-4ECD-A9A0-9D4CB9CCAE97}.Debug|Any CPU.ActiveCfg = Debug|Any CPU
		{5621E424-64D4-4ECD-A9A0-9D4CB9CCAE97}.Debug|Any CPU.Build.0 = Debug|Any CPU
		{5621E424-64D4-4ECD-A9A0-9D4CB9CCAE97}.Release|Any CPU.ActiveCfg = Release|Any CPU
		{5621E424-64D4-4ECD-A9A0-9D4CB9CCAE97}.Release|Any CPU.Build.0 = Release|Any CPU
		{D3860838-0119-4D38-9DBB-1DF17DB39A00}.Debug|Any CPU.ActiveCfg = Debug|Any CPU
		{D3860838-0119-4D38-9DBB-1DF17DB39A00}.Debug|Any CPU.Build.0 = Debug|Any CPU
		{D3860838-0119-4D38-9DBB-1DF17DB39A00}.Release|Any CPU.ActiveCfg = Release|Any CPU
		{D3860838-0119-4D38-9DBB-1DF17DB39A00}.Release|Any CPU.Build.0 = Release|Any CPU
		{93A800D9-3782-48EB-87DB-B193688873E0}.Debug|Any CPU.ActiveCfg = Debug|Any CPU
		{93A800D9-3782-48EB-87DB-B193688873E0}.Debug|Any CPU.Build.0 = Debug|Any CPU
		{93A800D9-3782-48EB-87DB-B193688873E0}.Release|Any CPU.ActiveCfg = Release|Any CPU
		{93A800D9-3782-48EB-87DB-B193688873E0}.Release|Any CPU.Build.0 = Release|Any CPU
		{9B44BFEA-E782-4AFE-B8AF-31CC46FAC01F}.Debug|Any CPU.ActiveCfg = Debug|Any CPU
		{9B44BFEA-E782-4AFE-B8AF-31CC46FAC01F}.Debug|Any CPU.Build.0 = Debug|Any CPU
		{9B44BFEA-E782-4AFE-B8AF-31CC46FAC01F}.Release|Any CPU.ActiveCfg = Release|Any CPU
		{9B44BFEA-E782-4AFE-B8AF-31CC46FAC01F}.Release|Any CPU.Build.0 = Release|Any CPU
	EndGlobalSection
	GlobalSection(SolutionProperties) = preSolution
		HideSolutionNode = FALSE
	EndGlobalSection
	GlobalSection(ExtensibilityGlobals) = postSolution
		SolutionGuid = {2F626643-18B9-44B7-8CA2-44302CA94E0B}
	EndGlobalSection
EndGlobal
